
Microsoft Visual Studio Solution File, Format Version 12.00
# Visual Studio Version 17
VisualStudioVersion = 17.11.35219.272
MinimumVisualStudioVersion = 10.0.40219.1
Project("{9A19103F-16F7-4668-BE54-9A1E7A4F7556}") = "BasicOOP", "Exercises\BasicOOP.csproj", "{9256EC40-F0C9-42C9-B061-082AF490C960}"
EndProject
Project("{9A19103F-16F7-4668-BE54-9A1E7A4F7556}") = "Variabler", "Variabler\Variabler.csproj", "{DBB1BF1D-9A20-4704-AF05-15CF2C457A66}"
EndProject
Project("{9A19103F-16F7-4668-BE54-9A1E7A4F7556}") = "Loopar", "Loopar\Loopar.csproj", "{624FE06D-FA20-4DF3-9C72-1C06654B9D72}"
EndProject
Project("{9A19103F-16F7-4668-BE54-9A1E7A4F7556}") = "Indexering", "Indexering\Indexering.csproj", "{8BA11160-9D13-4E9B-92FA-9E05F120058A}"
EndProject
Project("{9A19103F-16F7-4668-BE54-9A1E7A4F7556}") = "Funktioner", "Funktioner\Funktioner.csproj", "{BB254A1F-BB5E-421F-8EBF-53B62573253F}"
EndProject
Project("{9A19103F-16F7-4668-BE54-9A1E7A4F7556}") = "Förberedelseövningar_Labb1", "Förberedelseövningar_Labb1\Förberedelseövningar_Labb1.csproj", "{2C5A19A8-F815-458F-A323-EBBE1CAE2685}"
EndProject
Project("{9A19103F-16F7-4668-BE54-9A1E7A4F7556}") = "MetadataFrånFil", "MetadataFrånFil\MetadataFrånFil.csproj", "{D55ACCC6-9BFD-48D2-9F8C-CCE5CBEC517F}"
EndProject
Project("{FAE04EC0-301F-11D3-BF4B-00C04F79EFBC}") = "Properties", "Properties\Properties.csproj", "{5D9461BD-10C6-4909-8F0E-3942F1D825F4}"
EndProject
Global
	GlobalSection(SolutionConfigurationPlatforms) = preSolution
		Debug|Any CPU = Debug|Any CPU
		Release|Any CPU = Release|Any CPU
	EndGlobalSection
	GlobalSection(ProjectConfigurationPlatforms) = postSolution
		{9256EC40-F0C9-42C9-B061-082AF490C960}.Debug|Any CPU.ActiveCfg = Debug|Any CPU
		{9256EC40-F0C9-42C9-B061-082AF490C960}.Debug|Any CPU.Build.0 = Debug|Any CPU
		{9256EC40-F0C9-42C9-B061-082AF490C960}.Release|Any CPU.ActiveCfg = Release|Any CPU
		{9256EC40-F0C9-42C9-B061-082AF490C960}.Release|Any CPU.Build.0 = Release|Any CPU
		{DBB1BF1D-9A20-4704-AF05-15CF2C457A66}.Debug|Any CPU.ActiveCfg = Debug|Any CPU
		{DBB1BF1D-9A20-4704-AF05-15CF2C457A66}.Debug|Any CPU.Build.0 = Debug|Any CPU
		{DBB1BF1D-9A20-4704-AF05-15CF2C457A66}.Release|Any CPU.ActiveCfg = Release|Any CPU
		{DBB1BF1D-9A20-4704-AF05-15CF2C457A66}.Release|Any CPU.Build.0 = Release|Any CPU
		{624FE06D-FA20-4DF3-9C72-1C06654B9D72}.Debug|Any CPU.ActiveCfg = Debug|Any CPU
		{624FE06D-FA20-4DF3-9C72-1C06654B9D72}.Debug|Any CPU.Build.0 = Debug|Any CPU
		{624FE06D-FA20-4DF3-9C72-1C06654B9D72}.Release|Any CPU.ActiveCfg = Release|Any CPU
		{624FE06D-FA20-4DF3-9C72-1C06654B9D72}.Release|Any CPU.Build.0 = Release|Any CPU
		{8BA11160-9D13-4E9B-92FA-9E05F120058A}.Debug|Any CPU.ActiveCfg = Debug|Any CPU
		{8BA11160-9D13-4E9B-92FA-9E05F120058A}.Debug|Any CPU.Build.0 = Debug|Any CPU
		{8BA11160-9D13-4E9B-92FA-9E05F120058A}.Release|Any CPU.ActiveCfg = Release|Any CPU
		{8BA11160-9D13-4E9B-92FA-9E05F120058A}.Release|Any CPU.Build.0 = Release|Any CPU
		{BB254A1F-BB5E-421F-8EBF-53B62573253F}.Debug|Any CPU.ActiveCfg = Debug|Any CPU
		{BB254A1F-BB5E-421F-8EBF-53B62573253F}.Debug|Any CPU.Build.0 = Debug|Any CPU
		{BB254A1F-BB5E-421F-8EBF-53B62573253F}.Release|Any CPU.ActiveCfg = Release|Any CPU
		{BB254A1F-BB5E-421F-8EBF-53B62573253F}.Release|Any CPU.Build.0 = Release|Any CPU
		{2C5A19A8-F815-458F-A323-EBBE1CAE2685}.Debug|Any CPU.ActiveCfg = Debug|Any CPU
		{2C5A19A8-F815-458F-A323-EBBE1CAE2685}.Debug|Any CPU.Build.0 = Debug|Any CPU
		{2C5A19A8-F815-458F-A323-EBBE1CAE2685}.Release|Any CPU.ActiveCfg = Release|Any CPU
		{2C5A19A8-F815-458F-A323-EBBE1CAE2685}.Release|Any CPU.Build.0 = Release|Any CPU
		{D55ACCC6-9BFD-48D2-9F8C-CCE5CBEC517F}.Debug|Any CPU.ActiveCfg = Debug|Any CPU
		{D55ACCC6-9BFD-48D2-9F8C-CCE5CBEC517F}.Debug|Any CPU.Build.0 = Debug|Any CPU
		{D55ACCC6-9BFD-48D2-9F8C-CCE5CBEC517F}.Release|Any CPU.ActiveCfg = Release|Any CPU
		{D55ACCC6-9BFD-48D2-9F8C-CCE5CBEC517F}.Release|Any CPU.Build.0 = Release|Any CPU
		{5D9461BD-10C6-4909-8F0E-3942F1D825F4}.Debug|Any CPU.ActiveCfg = Debug|Any CPU
		{5D9461BD-10C6-4909-8F0E-3942F1D825F4}.Debug|Any CPU.Build.0 = Debug|Any CPU
		{5D9461BD-10C6-4909-8F0E-3942F1D825F4}.Release|Any CPU.ActiveCfg = Release|Any CPU
		{5D9461BD-10C6-4909-8F0E-3942F1D825F4}.Release|Any CPU.Build.0 = Release|Any CPU
	EndGlobalSection
	GlobalSection(SolutionProperties) = preSolution
		HideSolutionNode = FALSE
	EndGlobalSection
	GlobalSection(ExtensibilityGlobals) = postSolution
		SolutionGuid = {0C095A4A-8234-4BCC-A646-C7A6309D96BE}
	EndGlobalSection
EndGlobal
